
Microsoft Visual Studio Solution File, Format Version 12.00
# Visual Studio Version 17
VisualStudioVersion = 17.8.34511.84
MinimumVisualStudioVersion = 10.0.40219.1
Project("{FAE04EC0-301F-11D3-BF4B-00C04F79EFBC}") = "ucDersinOrt", "ucDersinOrt\ucDersinOrt.csproj", "{B6820404-7416-4E01-8BFB-E328D1943D1C}"
EndProject
Global
	GlobalSection(SolutionConfigurationPlatforms) = preSolution
		Debug|Any CPU = Debug|Any CPU
		Release|Any CPU = Release|Any CPU
	EndGlobalSection
	GlobalSection(ProjectConfigurationPlatforms) = postSolution
		{B6820404-7416-4E01-8BFB-E328D1943D1C}.Debug|Any CPU.ActiveCfg = Debug|Any CPU
		{B6820404-7416-4E01-8BFB-E328D1943D1C}.Debug|Any CPU.Build.0 = Debug|Any CPU
		{B6820404-7416-4E01-8BFB-E328D1943D1C}.Release|Any CPU.ActiveCfg = Release|Any CPU
		{B6820404-7416-4E01-8BFB-E328D1943D1C}.Release|Any CPU.Build.0 = Release|Any CPU
	EndGlobalSection
	GlobalSection(SolutionProperties) = preSolution
		HideSolutionNode = FALSE
	EndGlobalSection
	GlobalSection(ExtensibilityGlobals) = postSolution
		SolutionGuid = {F5507C3D-FB3F-4C65-8579-A949028F6CB2}
	EndGlobalSection
EndGlobal
